
Microsoft Visual Studio Solution File, Format Version 12.00
# Visual Studio 15
VisualStudioVersion = 15.0.28307.421
MinimumVisualStudioVersion = 10.0.40219.1
Project("{FAE04EC0-301F-11D3-BF4B-00C04F79EFBC}") = "ThingSlider.Android", "ThingSlider\ThingSlider.Android\ThingSlider.Android.csproj", "{59D2C03E-EABA-468D-BE54-697852C53FAF}"
EndProject
Project("{FAE04EC0-301F-11D3-BF4B-00C04F79EFBC}") = "ThingSlider.iOS", "ThingSlider\ThingSlider.iOS\ThingSlider.iOS.csproj", "{44895B95-C444-41D2-B834-3B825193C679}"
EndProject
Project("{FAE04EC0-301F-11D3-BF4B-00C04F79EFBC}") = "ThingSlider", "ThingSlider\ThingSlider\ThingSlider.csproj", "{A7EDD138-2055-4CE5-BC83-C73D89C1FCC9}"
EndProject
Global
	GlobalSection(SolutionConfigurationPlatforms) = preSolution
		Ad-Hoc|Any CPU = Ad-Hoc|Any CPU
		Ad-Hoc|iPhone = Ad-Hoc|iPhone
		Ad-Hoc|iPhoneSimulator = Ad-Hoc|iPhoneSimulator
		AppStore|Any CPU = AppStore|Any CPU
		AppStore|iPhone = AppStore|iPhone
		AppStore|iPhoneSimulator = AppStore|iPhoneSimulator
		Debug|Any CPU = Debug|Any CPU
		Debug|iPhone = Debug|iPhone
		Debug|iPhoneSimulator = Debug|iPhoneSimulator
		Release|Any CPU = Release|Any CPU
		Release|iPhone = Release|iPhone
		Release|iPhoneSimulator = Release|iPhoneSimulator
	EndGlobalSection
	GlobalSection(ProjectConfigurationPlatforms) = postSolution
		{59D2C03E-EABA-468D-BE54-697852C53FAF}.Ad-Hoc|Any CPU.ActiveCfg = Release|Any CPU
		{59D2C03E-EABA-468D-BE54-697852C53FAF}.Ad-Hoc|Any CPU.Build.0 = Release|Any CPU
		{59D2C03E-EABA-468D-BE54-697852C53FAF}.Ad-Hoc|Any CPU.Deploy.0 = Release|Any CPU
		{59D2C03E-EABA-468D-BE54-697852C53FAF}.Ad-Hoc|iPhone.ActiveCfg = Release|Any CPU
		{59D2C03E-EABA-468D-BE54-697852C53FAF}.Ad-Hoc|iPhone.Build.0 = Release|Any CPU
		{59D2C03E-EABA-468D-BE54-697852C53FAF}.Ad-Hoc|iPhone.Deploy.0 = Release|Any CPU
		{59D2C03E-EABA-468D-BE54-697852C53FAF}.Ad-Hoc|iPhoneSimulator.ActiveCfg = Release|Any CPU
		{59D2C03E-EABA-468D-BE54-697852C53FAF}.Ad-Hoc|iPhoneSimulator.Build.0 = Release|Any CPU
		{59D2C03E-EABA-468D-BE54-697852C53FAF}.Ad-Hoc|iPhoneSimulator.Deploy.0 = Release|Any CPU
		{59D2C03E-EABA-468D-BE54-697852C53FAF}.AppStore|Any CPU.ActiveCfg = Release|Any CPU
		{59D2C03E-EABA-468D-BE54-697852C53FAF}.AppStore|Any CPU.Build.0 = Release|Any CPU
		{59D2C03E-EABA-468D-BE54-697852C53FAF}.AppStore|Any CPU.Deploy.0 = Release|Any CPU
		{59D2C03E-EABA-468D-BE54-697852C53FAF}.AppStore|iPhone.ActiveCfg = Release|Any CPU
		{59D2C03E-EABA-468D-BE54-697852C53FAF}.AppStore|iPhone.Build.0 = Release|Any CPU
		{59D2C03E-EABA-468D-BE54-697852C53FAF}.AppStore|iPhone.Deploy.0 = Release|Any CPU
		{59D2C03E-EABA-468D-BE54-697852C53FAF}.AppStore|iPhoneSimulator.ActiveCfg = Release|Any CPU
		{59D2C03E-EABA-468D-BE54-697852C53FAF}.AppStore|iPhoneSimulator.Build.0 = Release|Any CPU
		{59D2C03E-EABA-468D-BE54-697852C53FAF}.AppStore|iPhoneSimulator.Deploy.0 = Release|Any CPU
		{59D2C03E-EABA-468D-BE54-697852C53FAF}.Debug|Any CPU.ActiveCfg = Debug|Any CPU
		{59D2C03E-EABA-468D-BE54-697852C53FAF}.Debug|Any CPU.Build.0 = Debug|Any CPU
		{59D2C03E-EABA-468D-BE54-697852C53FAF}.Debug|Any CPU.Deploy.0 = Debug|Any CPU
		{59D2C03E-EABA-468D-BE54-697852C53FAF}.Debug|iPhone.ActiveCfg = Debug|Any CPU
		{59D2C03E-EABA-468D-BE54-697852C53FAF}.Debug|iPhone.Build.0 = Debug|Any CPU
		{59D2C03E-EABA-468D-BE54-697852C53FAF}.Debug|iPhone.Deploy.0 = Debug|Any CPU
		{59D2C03E-EABA-468D-BE54-697852C53FAF}.Debug|iPhoneSimulator.ActiveCfg = Debug|Any CPU
		{59D2C03E-EABA-468D-BE54-697852C53FAF}.Debug|iPhoneSimulator.Build.0 = Debug|Any CPU
		{59D2C03E-EABA-468D-BE54-697852C53FAF}.Debug|iPhoneSimulator.Deploy.0 = Debug|Any CPU
		{59D2C03E-EABA-468D-BE54-697852C53FAF}.Release|Any CPU.ActiveCfg = Release|Any CPU
		{59D2C03E-EABA-468D-BE54-697852C53FAF}.Release|Any CPU.Build.0 = Release|Any CPU
		{59D2C03E-EABA-468D-BE54-697852C53FAF}.Release|Any CPU.Deploy.0 = Release|Any CPU
		{59D2C03E-EABA-468D-BE54-697852C53FAF}.Release|iPhone.ActiveCfg = Release|Any CPU
		{59D2C03E-EABA-468D-BE54-697852C53FAF}.Release|iPhone.Build.0 = Release|Any CPU
		{59D2C03E-EABA-468D-BE54-697852C53FAF}.Release|iPhone.Deploy.0 = Release|Any CPU
		{59D2C03E-EABA-468D-BE54-697852C53FAF}.Release|iPhoneSimulator.ActiveCfg = Release|Any CPU
		{59D2C03E-EABA-468D-BE54-697852C53FAF}.Release|iPhoneSimulator.Build.0 = Release|Any CPU
		{59D2C03E-EABA-468D-BE54-697852C53FAF}.Release|iPhoneSimulator.Deploy.0 = Release|Any CPU
		{44895B95-C444-41D2-B834-3B825193C679}.Ad-Hoc|Any CPU.ActiveCfg = Ad-Hoc|iPhone
		{44895B95-C444-41D2-B834-3B825193C679}.Ad-Hoc|Any CPU.Build.0 = Ad-Hoc|iPhone
		{44895B95-C444-41D2-B834-3B825193C679}.Ad-Hoc|Any CPU.Deploy.0 = Ad-Hoc|iPhone
		{44895B95-C444-41D2-B834-3B825193C679}.Ad-Hoc|iPhone.ActiveCfg = Ad-Hoc|iPhone
		{44895B95-C444-41D2-B834-3B825193C679}.Ad-Hoc|iPhone.Build.0 = Ad-Hoc|iPhone
		{44895B95-C444-41D2-B834-3B825193C679}.Ad-Hoc|iPhone.Deploy.0 = Ad-Hoc|iPhone
		{44895B95-C444-41D2-B834-3B825193C679}.Ad-Hoc|iPhoneSimulator.ActiveCfg = Ad-Hoc|iPhoneSimulator
		{44895B95-C444-41D2-B834-3B825193C679}.Ad-Hoc|iPhoneSimulator.Build.0 = Ad-Hoc|iPhoneSimulator
		{44895B95-C444-41D2-B834-3B825193C679}.Ad-Hoc|iPhoneSimulator.Deploy.0 = Ad-Hoc|iPhoneSimulator
		{44895B95-C444-41D2-B834-3B825193C679}.AppStore|Any CPU.ActiveCfg = AppStore|iPhone
		{44895B95-C444-41D2-B834-3B825193C679}.AppStore|Any CPU.Build.0 = AppStore|iPhone
		{44895B95-C444-41D2-B834-3B825193C679}.AppStore|Any CPU.Deploy.0 = AppStore|iPhone
		{44895B95-C444-41D2-B834-3B825193C679}.AppStore|iPhone.ActiveCfg = AppStore|iPhone
		{44895B95-C444-41D2-B834-3B825193C679}.AppStore|iPhone.Build.0 = AppStore|iPhone
		{44895B95-C444-41D2-B834-3B825193C679}.AppStore|iPhone.Deploy.0 = AppStore|iPhone
		{44895B95-C444-41D2-B834-3B825193C679}.AppStore|iPhoneSimulator.ActiveCfg = AppStore|iPhoneSimulator
		{44895B95-C444-41D2-B834-3B825193C679}.AppStore|iPhoneSimulator.Build.0 = AppStore|iPhoneSimulator
		{44895B95-C444-41D2-B834-3B825193C679}.AppStore|iPhoneSimulator.Deploy.0 = AppStore|iPhoneSimulator
		{44895B95-C444-41D2-B834-3B825193C679}.Debug|Any CPU.ActiveCfg = Debug|iPhoneSimulator
		{44895B95-C444-41D2-B834-3B825193C679}.Debug|Any CPU.Build.0 = Debug|iPhoneSimulator
		{44895B95-C444-41D2-B834-3B825193C679}.Debug|Any CPU.Deploy.0 = Debug|iPhoneSimulator
		{44895B95-C444-41D2-B834-3B825193C679}.Debug|iPhone.ActiveCfg = Debug|iPhone
		{44895B95-C444-41D2-B834-3B825193C679}.Debug|iPhone.Build.0 = Debug|iPhone
		{44895B95-C444-41D2-B834-3B825193C679}.Debug|iPhone.Deploy.0 = Debug|iPhone
		{44895B95-C444-41D2-B834-3B825193C679}.Debug|iPhoneSimulator.ActiveCfg = Debug|iPhoneSimulator
		{44895B95-C444-41D2-B834-3B825193C679}.Debug|iPhoneSimulator.Build.0 = Debug|iPhoneSimulator
		{44895B95-C444-41D2-B834-3B825193C679}.Debug|iPhoneSimulator.Deploy.0 = Debug|iPhoneSimulator
		{44895B95-C444-41D2-B834-3B825193C679}.Release|Any CPU.ActiveCfg = Release|iPhone
		{44895B95-C444-41D2-B834-3B825193C679}.Release|Any CPU.Build.0 = Release|iPhone
		{44895B95-C444-41D2-B834-3B825193C679}.Release|Any CPU.Deploy.0 = Release|iPhone
		{44895B95-C444-41D2-B834-3B825193C679}.Release|iPhone.ActiveCfg = Release|iPhone
		{44895B95-C444-41D2-B834-3B825193C679}.Release|iPhone.Build.0 = Release|iPhone
		{44895B95-C444-41D2-B834-3B825193C679}.Release|iPhone.Deploy.0 = Release|iPhone
		{44895B95-C444-41D2-B834-3B825193C679}.Release|iPhoneSimulator.ActiveCfg = Release|iPhoneSimulator
		{44895B95-C444-41D2-B834-3B825193C679}.Release|iPhoneSimulator.Build.0 = Release|iPhoneSimulator
		{44895B95-C444-41D2-B834-3B825193C679}.Release|iPhoneSimulator.Deploy.0 = Release|iPhoneSimulator
		{A7EDD138-2055-4CE5-BC83-C73D89C1FCC9}.Ad-Hoc|Any CPU.ActiveCfg = Debug|Any CPU
		{A7EDD138-2055-4CE5-BC83-C73D89C1FCC9}.Ad-Hoc|Any CPU.Build.0 = Debug|Any CPU
		{A7EDD138-2055-4CE5-BC83-C73D89C1FCC9}.Ad-Hoc|Any CPU.Deploy.0 = Debug|Any CPU
		{A7EDD138-2055-4CE5-BC83-C73D89C1FCC9}.Ad-Hoc|iPhone.ActiveCfg = Debug|Any CPU
		{A7EDD138-2055-4CE5-BC83-C73D89C1FCC9}.Ad-Hoc|iPhone.Build.0 = Debug|Any CPU
		{A7EDD138-2055-4CE5-BC83-C73D89C1FCC9}.Ad-Hoc|iPhone.Deploy.0 = Debug|Any CPU
		{A7EDD138-2055-4CE5-BC83-C73D89C1FCC9}.Ad-Hoc|iPhoneSimulator.ActiveCfg = Debug|Any CPU
		{A7EDD138-2055-4CE5-BC83-C73D89C1FCC9}.Ad-Hoc|iPhoneSimulator.Build.0 = Debug|Any CPU
		{A7EDD138-2055-4CE5-BC83-C73D89C1FCC9}.Ad-Hoc|iPhoneSimulator.Deploy.0 = Debug|Any CPU
		{A7EDD138-2055-4CE5-BC83-C73D89C1FCC9}.AppStore|Any CPU.ActiveCfg = Debug|Any CPU
		{A7EDD138-2055-4CE5-BC83-C73D89C1FCC9}.AppStore|Any CPU.Build.0 = Debug|Any CPU
		{A7EDD138-2055-4CE5-BC83-C73D89C1FCC9}.AppStore|Any CPU.Deploy.0 = Debug|Any CPU
		{A7EDD138-2055-4CE5-BC83-C73D89C1FCC9}.AppStore|iPhone.ActiveCfg = Debug|Any CPU
		{A7EDD138-2055-4CE5-BC83-C73D89C1FCC9}.AppStore|iPhone.Build.0 = Debug|Any CPU
		{A7EDD138-2055-4CE5-BC83-C73D89C1FCC9}.AppStore|iPhone.Deploy.0 = Debug|Any CPU
		{A7EDD138-2055-4CE5-BC83-C73D89C1FCC9}.AppStore|iPhoneSimulator.ActiveCfg = Debug|Any CPU
		{A7EDD138-2055-4CE5-BC83-C73D89C1FCC9}.AppStore|iPhoneSimulator.Build.0 = Debug|Any CPU
		{A7EDD138-2055-4CE5-BC83-C73D89C1FCC9}.AppStore|iPhoneSimulator.Deploy.0 = Debug|Any CPU
		{A7EDD138-2055-4CE5-BC83-C73D89C1FCC9}.Debug|Any CPU.ActiveCfg = Debug|Any CPU
		{A7EDD138-2055-4CE5-BC83-C73D89C1FCC9}.Debug|Any CPU.Build.0 = Debug|Any CPU
		{A7EDD138-2055-4CE5-BC83-C73D89C1FCC9}.Debug|Any CPU.Deploy.0 = Debug|Any CPU
		{A7EDD138-2055-4CE5-BC83-C73D89C1FCC9}.Debug|iPhone.ActiveCfg = Debug|Any CPU
		{A7EDD138-2055-4CE5-BC83-C73D89C1FCC9}.Debug|iPhone.Build.0 = Debug|Any CPU
		{A7EDD138-2055-4CE5-BC83-C73D89C1FCC9}.Debug|iPhone.Deploy.0 = Debug|Any CPU
		{A7EDD138-2055-4CE5-BC83-C73D89C1FCC9}.Debug|iPhoneSimulator.ActiveCfg = Debug|Any CPU
		{A7EDD138-2055-4CE5-BC83-C73D89C1FCC9}.Debug|iPhoneSimulator.Build.0 = Debug|Any CPU
		{A7EDD138-2055-4CE5-BC83-C73D89C1FCC9}.Debug|iPhoneSimulator.Deploy.0 = Debug|Any CPU
		{A7EDD138-2055-4CE5-BC83-C73D89C1FCC9}.Release|Any CPU.ActiveCfg = Release|Any CPU
		{A7EDD138-2055-4CE5-BC83-C73D89C1FCC9}.Release|Any CPU.Build.0 = Release|Any CPU
		{A7EDD138-2055-4CE5-BC83-C73D89C1FCC9}.Release|Any CPU.Deploy.0 = Release|Any CPU
		{A7EDD138-2055-4CE5-BC83-C73D89C1FCC9}.Release|iPhone.ActiveCfg = Release|Any CPU
		{A7EDD138-2055-4CE5-BC83-C73D89C1FCC9}.Release|iPhone.Build.0 = Release|Any CPU
		{A7EDD138-2055-4CE5-BC83-C73D89C1FCC9}.Release|iPhone.Deploy.0 = Release|Any CPU
		{A7EDD138-2055-4CE5-BC83-C73D89C1FCC9}.Release|iPhoneSimulator.ActiveCfg = Release|Any CPU
		{A7EDD138-2055-4CE5-BC83-C73D89C1FCC9}.Release|iPhoneSimulator.Build.0 = Release|Any CPU
		{A7EDD138-2055-4CE5-BC83-C73D89C1FCC9}.Release|iPhoneSimulator.Deploy.0 = Release|Any CPU
	EndGlobalSection
	GlobalSection(SolutionProperties) = preSolution
		HideSolutionNode = FALSE
	EndGlobalSection
	GlobalSection(ExtensibilityGlobals) = postSolution
		SolutionGuid = {8C983ABE-D5EE-48DC-8AB2-7D1BEF1D0DE1}
	EndGlobalSection
EndGlobal
